{
  "name": "webrtcserver",
  "version": "1.0.0",
  "lockfileVersion": 1,
  "requires": true,
  "dependencies": {
    "@types/accepts": {
      "version": "1.3.5",
      "resolved": "http://bnpm.byted.org/@types/accepts/download/@types/accepts-1.3.5.tgz",
      "integrity": "sha1-w0vsEVz8dG4E/loFnfTOfns5FXU=",
      "requires": {
        "@types/node": "*"
      }
    },
    "@types/body-parser": {
      "version": "1.17.1",
      "resolved": "http://bnpm.byted.org/@types/body-parser/download/@types/body-parser-1.17.1.tgz",
      "integrity": "sha1-GPz2F2j7XDDMxQjCHW/S6LO/eJc=",
      "requires": {
        "@types/connect": "*",
        "@types/node": "*"
      }
    },
    "@types/connect": {
      "version": "3.4.32",
      "resolved": "http://bnpm.byted.org/@types/connect/download/@types/connect-3.4.32.tgz",
      "integrity": "sha1-qg6WFrlDXMrQK8UrW0VP/Cxwuig=",
      "requires": {
        "@types/node": "*"
      }
    },
    "@types/cookies": {
      "version": "0.7.4",
      "resolved": "http://bnpm.byted.org/@types/cookies/download/@types/cookies-0.7.4.tgz",
      "integrity": "sha1-Jt7feRcBq8Dja1t5pXIvQORV+Hs=",
      "requires": {
        "@types/connect": "*",
        "@types/express": "*",
        "@types/keygrip": "*",
        "@types/node": "*"
      }
    },
    "@types/express": {
      "version": "4.17.1",
      "resolved": "http://bnpm.byted.org/@types/express/download/@types/express-4.17.1.tgz",
      "integrity": "sha1-TPeEmuO0cSWlZ9/uGL/KQlS4jFw=",
      "requires": {
        "@types/body-parser": "*",
        "@types/express-serve-static-core": "*",
        "@types/serve-static": "*"
      }
    },
    "@types/express-serve-static-core": {
      "version": "4.16.10",
      "resolved": "http://bnpm.byted.org/@types/express-serve-static-core/download/@types/express-serve-static-core-4.16.10.tgz",
      "integrity": "sha1-PBMTxua3VZRWG0c6KG8Bapq/ITI=",
      "requires": {
        "@types/node": "*",
        "@types/range-parser": "*"
      }
    },
    "@types/http-assert": {
      "version": "1.5.1",
      "resolved": "http://bnpm.byted.org/@types/http-assert/download/@types/http-assert-1.5.1.tgz",
      "integrity": "sha1-13XpNjDCRpwvmA/CfjFDJAM12zs="
    },
    "@types/keygrip": {
      "version": "1.0.1",
      "resolved": "http://bnpm.byted.org/@types/keygrip/download/@types/keygrip-1.0.1.tgz",
      "integrity": "sha1-/1QEYtL7TQqIRBzq8n0oewHD2Hg="
    },
    "@types/koa": {
      "version": "2.0.51",
      "resolved": "http://bnpm.byted.org/@types/koa/download/@types/koa-2.0.51.tgz",
      "integrity": "sha1-sIpX3EnjSq9rXMAEtf70sW6+MuE=",
      "requires": {
        "@types/accepts": "*",
        "@types/cookies": "*",
        "@types/http-assert": "*",
        "@types/keygrip": "*",
        "@types/koa-compose": "*",
        "@types/node": "*"
      }
    },
    "@types/koa-compose": {
      "version": "3.2.4",
      "resolved": "http://bnpm.byted.org/@types/koa-compose/download/@types/koa-compose-3.2.4.tgz",
      "integrity": "sha1-dqRhY0pZw+E0SYMXCLubNV+xVI4=",
      "requires": {
        "@types/koa": "*"
      }
    },
    "@types/koa-router": {
      "version": "7.0.42",
      "resolved": "http://bnpm.byted.org/@types/koa-router/download/@types/koa-router-7.0.42.tgz",
      "integrity": "sha1-DlwB1NCihz1ALUMhFPCDctfFDrE=",
      "requires": {
        "@types/koa": "*"
      }
    },
    "@types/mime": {
      "version": "2.0.1",
      "resolved": "http://bnpm.byted.org/@types/mime/download/@types/mime-2.0.1.tgz",
      "integrity": "sha1-3EiIQjEqfwdRSTEpBbXjwLBUx50="
    },
    "@types/node": {
      "version": "12.11.1",
      "resolved": "http://bnpm.byted.org/@types/node/download/@types/node-12.11.1.tgz",
      "integrity": "sha1-H9e4IfeYt/op9mehvo80QruJIqM="
    },
    "@types/range-parser": {
      "version": "1.2.3",
      "resolved": "http://bnpm.byted.org/@types/range-parser/download/@types/range-parser-1.2.3.tgz",
      "integrity": "sha1-fuMwunyq+5gJC+zoal7kQRWQTCw="
    },
    "@types/serve-static": {
      "version": "1.13.3",
      "resolved": "http://bnpm.byted.org/@types/serve-static/download/@types/serve-static-1.13.3.tgz",
      "integrity": "sha1-634cQcRGgnJVfol+kXHe1eLe2dE=",
      "requires": {
        "@types/express-serve-static-core": "*",
        "@types/mime": "*"
      }
    },
    "any-promise": {
      "version": "1.3.0",
      "resolved": "http://bnpm.byted.org/any-promise/download/any-promise-1.3.0.tgz",
      "integrity": "sha1-q8av7tzqUugJzcA3au0845Y10X8="
    },
    "debug": {
      "version": "3.2.6",
      "resolved": "http://bnpm.byted.org/debug/download/debug-3.2.6.tgz",
      "integrity": "sha1-6D0X3hbYp++3cX7b5fsQE17uYps=",
      "requires": {
        "ms": "^2.1.1"
      }
    },
    "depd": {
      "version": "1.1.2",
      "resolved": "http://bnpm.byted.org/depd/download/depd-1.1.2.tgz",
      "integrity": "sha1-m81S4UwJd2PnSbJ0xDRu0uVgtak="
    },
    "http-errors": {
      "version": "1.7.3",
      "resolved": "http://bnpm.byted.org/http-errors/download/http-errors-1.7.3.tgz",
      "integrity": "sha1-bGGeT5xgMIw4UZSYwU+7EKrOuwY=",
      "requires": {
        "depd": "~1.1.2",
        "inherits": "2.0.4",
        "setprototypeof": "1.1.1",
        "statuses": ">= 1.5.0 < 2",
        "toidentifier": "1.0.0"
      }
    },
    "inherits": {
      "version": "2.0.4",
      "resolved": "http://bnpm.byted.org/inherits/download/inherits-2.0.4.tgz",
      "integrity": "sha1-D6LGT5MpF8NDOg3tVTY6rjdBa3w="
    },
    "isarray": {
      "version": "0.0.1",
      "resolved": "http://bnpm.byted.org/isarray/download/isarray-0.0.1.tgz",
      "integrity": "sha1-ihis/Kmo9Bd+Cav8YDiTmwXR7t8="
    },
    "koa-compose": {
      "version": "3.2.1",
      "resolved": "http://bnpm.byted.org/koa-compose/download/koa-compose-3.2.1.tgz",
      "integrity": "sha1-qFzLQLfZhtjlo0Wzoazo6rz1Tec=",
      "requires": {
        "any-promise": "^1.1.0"
      }
    },
    "koa-router": {
      "version": "7.4.0",
      "resolved": "http://bnpm.byted.org/koa-router/download/koa-router-7.4.0.tgz",
      "integrity": "sha1-ruH3rcAtXLMdfWdGXJ6syCXoxeA=",
      "requires": {
        "debug": "^3.1.0",
        "http-errors": "^1.3.1",
        "koa-compose": "^3.0.0",
        "methods": "^1.0.1",
        "path-to-regexp": "^1.1.1",
        "urijs": "^1.19.0"
      }
    },
    "methods": {
      "version": "1.1.2",
      "resolved": "http://bnpm.byted.org/methods/download/methods-1.1.2.tgz",
      "integrity": "sha1-VSmk1nZUE07cxSZmVoNbD4Ua/O4="
    },
    "ms": {
      "version": "2.1.2",
      "resolved": "http://bnpm.byted.org/ms/download/ms-2.1.2.tgz",
      "integrity": "sha1-0J0fNXtEP0kzgqjrPM0YOHKuYAk="
    },
    "path-to-regexp": {
      "version": "1.7.0",
      "resolved": "http://bnpm.byted.org/path-to-regexp/download/path-to-regexp-1.7.0.tgz",
      "integrity": "sha1-Wf3g9DW62suhA6hOnTvGTpa5k30=",
      "requires": {
        "isarray": "0.0.1"
      }
    },
    "setprototypeof": {
      "version": "1.1.1",
      "resolved": "http://bnpm.byted.org/setprototypeof/download/setprototypeof-1.1.1.tgz",
      "integrity": "sha1-fpWsskqpL1iF4KvvW6ExMw1K5oM="
    },
    "statuses": {
      "version": "1.5.0",
      "resolved": "http://bnpm.byted.org/statuses/download/statuses-1.5.0.tgz",
      "integrity": "sha1-Fhx9rBd2Wf2YEfQ3cfqZOBR4Yow="
    },
    "toidentifier": {
      "version": "1.0.0",
      "resolved": "http://bnpm.byted.org/toidentifier/download/toidentifier-1.0.0.tgz",
      "integrity": "sha1-fhvjRw8ed5SLxD2Uo8j013UrpVM="
    },
    "urijs": {
      "version": "1.19.1",
      "resolved": "http://bnpm.byted.org/urijs/download/urijs-1.19.1.tgz",
      "integrity": "sha1-Ww/1MMDL3oOG9jQiNbpcpumV0lo="
    }
  }
}
